
Microsoft Visual Studio Solution File, Format Version 12.00
# Visual Studio 14
VisualStudioVersion = 14.0.24720.0
MinimumVisualStudioVersion = 10.0.40219.1
Project("{2150E333-8FDC-42A3-9474-1A3956D46DE8}") = "DataLayer", "DataLayer", "{593AE702-6BEE-4313-AC03-30AD550E7789}"
EndProject
Project("{FAE04EC0-301F-11D3-BF4B-00C04F79EFBC}") = "Movies.DataLayer.Contracts", "Movies.DataLayer.Contracts\Movies.DataLayer.Contracts.csproj", "{CCBC3A21-5D11-4C19-8A3F-3013561761F0}"
EndProject
Project("{FAE04EC0-301F-11D3-BF4B-00C04F79EFBC}") = "Movies.DataLayer.EF", "Movies.DataLayer.EF\Movies.DataLayer.EF.csproj", "{8DDC77DE-1737-4A37-B788-F626ED3CE0ED}"
EndProject
Project("{2150E333-8FDC-42A3-9474-1A3956D46DE8}") = "Tests", "Tests", "{3F0965FC-1419-48FF-95B8-1A1CFA52A323}"
EndProject
Project("{2150E333-8FDC-42A3-9474-1A3956D46DE8}") = "DataLayer", "DataLayer", "{AEF8C379-DF94-4A7B-897C-5190979D398A}"
EndProject
Project("{FAE04EC0-301F-11D3-BF4B-00C04F79EFBC}") = "Movies.DataLayer.EF.Tests", "Movies.DataLayer.EF.Tests\Movies.DataLayer.EF.Tests.csproj", "{4686BF17-3A13-418B-99ED-4940BDA5E302}"
EndProject
Project("{2150E333-8FDC-42A3-9474-1A3956D46DE8}") = "BusinessLayer", "BusinessLayer", "{BB768358-2B77-4F9E-A2A6-22571FE3EF7D}"
EndProject
Project("{FAE04EC0-301F-11D3-BF4B-00C04F79EFBC}") = "Movies.BusinessLayer.Contracts", "Movies.BusinessLayer.Contracts\Movies.BusinessLayer.Contracts.csproj", "{B2CFB0DC-9B86-4D1A-95BA-1D0873AC540A}"
EndProject
Project("{FAE04EC0-301F-11D3-BF4B-00C04F79EFBC}") = "Movies.BusinessLayer.BL2016", "Movies.BusinessLayer.BL2016\Movies.BusinessLayer.BL2016.csproj", "{2F3116F1-4DAF-49A2-A916-BD421F8CDC96}"
EndProject
Project("{2150E333-8FDC-42A3-9474-1A3956D46DE8}") = "Common", "Common", "{AFB8FF93-63DC-4690-BB56-AA700B5351CD}"
EndProject
Project("{FAE04EC0-301F-11D3-BF4B-00C04F79EFBC}") = "Movies.Common.IoCContainer", "Movies.Common.IoCContainer\Movies.Common.IoCContainer.csproj", "{C689553D-5B46-40B3-8756-A7619E7A81EC}"
EndProject
Project("{2150E333-8FDC-42A3-9474-1A3956D46DE8}") = "BusinessLayer", "BusinessLayer", "{30C87726-9F06-41C5-8214-EED1754A3563}"
EndProject
Project("{FAE04EC0-301F-11D3-BF4B-00C04F79EFBC}") = "Movies.BusinessLayer.BL2016.Tests", "Movies.BusinessLayer.BL2016.Tests\Movies.BusinessLayer.BL2016.Tests.csproj", "{3C5233DA-0796-46EC-A235-6585128CB3C0}"
EndProject
Project("{2150E333-8FDC-42A3-9474-1A3956D46DE8}") = "ServiceLayer", "ServiceLayer", "{A6110DD9-688D-4AA6-A636-C9F02F4F5BB2}"
EndProject
Project("{FAE04EC0-301F-11D3-BF4B-00C04F79EFBC}") = "Movies.ServiceLayer.MoviesServices", "Movies.ServiceLayer.MoviesServices\Movies.ServiceLayer.MoviesServices.csproj", "{817E5F02-173F-477C-925F-BFFD48C70A29}"
EndProject
Project("{2150E333-8FDC-42A3-9474-1A3956D46DE8}") = "Hosts", "Hosts", "{E79CC315-CBC6-475F-8751-9CB669C10053}"
EndProject
Project("{2150E333-8FDC-42A3-9474-1A3956D46DE8}") = "ServiceLayer", "ServiceLayer", "{A690121F-86B4-47F4-9F8D-20D3C9806AFF}"
EndProject
Project("{FAE04EC0-301F-11D3-BF4B-00C04F79EFBC}") = "MoviesAPI", "MoviesAPI\MoviesAPI.csproj", "{8EBF78D3-6101-4A61-95B3-56619470E6C9}"
EndProject
Global
	GlobalSection(SolutionConfigurationPlatforms) = preSolution
		Debug|Any CPU = Debug|Any CPU
		Debug|x86 = Debug|x86
		Release|Any CPU = Release|Any CPU
		Release|x86 = Release|x86
	EndGlobalSection
	GlobalSection(ProjectConfigurationPlatforms) = postSolution
		{CCBC3A21-5D11-4C19-8A3F-3013561761F0}.Debug|Any CPU.ActiveCfg = Debug|Any CPU
		{CCBC3A21-5D11-4C19-8A3F-3013561761F0}.Debug|Any CPU.Build.0 = Debug|Any CPU
		{CCBC3A21-5D11-4C19-8A3F-3013561761F0}.Debug|x86.ActiveCfg = Debug|Any CPU
		{CCBC3A21-5D11-4C19-8A3F-3013561761F0}.Debug|x86.Build.0 = Debug|Any CPU
		{CCBC3A21-5D11-4C19-8A3F-3013561761F0}.Release|Any CPU.ActiveCfg = Release|Any CPU
		{CCBC3A21-5D11-4C19-8A3F-3013561761F0}.Release|Any CPU.Build.0 = Release|Any CPU
		{CCBC3A21-5D11-4C19-8A3F-3013561761F0}.Release|x86.ActiveCfg = Release|Any CPU
		{CCBC3A21-5D11-4C19-8A3F-3013561761F0}.Release|x86.Build.0 = Release|Any CPU
		{8DDC77DE-1737-4A37-B788-F626ED3CE0ED}.Debug|Any CPU.ActiveCfg = Debug|Any CPU
		{8DDC77DE-1737-4A37-B788-F626ED3CE0ED}.Debug|Any CPU.Build.0 = Debug|Any CPU
		{8DDC77DE-1737-4A37-B788-F626ED3CE0ED}.Debug|x86.ActiveCfg = Debug|Any CPU
		{8DDC77DE-1737-4A37-B788-F626ED3CE0ED}.Debug|x86.Build.0 = Debug|Any CPU
		{8DDC77DE-1737-4A37-B788-F626ED3CE0ED}.Release|Any CPU.ActiveCfg = Release|Any CPU
		{8DDC77DE-1737-4A37-B788-F626ED3CE0ED}.Release|Any CPU.Build.0 = Release|Any CPU
		{8DDC77DE-1737-4A37-B788-F626ED3CE0ED}.Release|x86.ActiveCfg = Release|Any CPU
		{8DDC77DE-1737-4A37-B788-F626ED3CE0ED}.Release|x86.Build.0 = Release|Any CPU
		{4686BF17-3A13-418B-99ED-4940BDA5E302}.Debug|Any CPU.ActiveCfg = Debug|Any CPU
		{4686BF17-3A13-418B-99ED-4940BDA5E302}.Debug|Any CPU.Build.0 = Debug|Any CPU
		{4686BF17-3A13-418B-99ED-4940BDA5E302}.Debug|x86.ActiveCfg = Debug|Any CPU
		{4686BF17-3A13-418B-99ED-4940BDA5E302}.Debug|x86.Build.0 = Debug|Any CPU
		{4686BF17-3A13-418B-99ED-4940BDA5E302}.Release|Any CPU.ActiveCfg = Release|Any CPU
		{4686BF17-3A13-418B-99ED-4940BDA5E302}.Release|Any CPU.Build.0 = Release|Any CPU
		{4686BF17-3A13-418B-99ED-4940BDA5E302}.Release|x86.ActiveCfg = Release|Any CPU
		{4686BF17-3A13-418B-99ED-4940BDA5E302}.Release|x86.Build.0 = Release|Any CPU
		{B2CFB0DC-9B86-4D1A-95BA-1D0873AC540A}.Debug|Any CPU.ActiveCfg = Debug|Any CPU
		{B2CFB0DC-9B86-4D1A-95BA-1D0873AC540A}.Debug|Any CPU.Build.0 = Debug|Any CPU
		{B2CFB0DC-9B86-4D1A-95BA-1D0873AC540A}.Debug|x86.ActiveCfg = Debug|Any CPU
		{B2CFB0DC-9B86-4D1A-95BA-1D0873AC540A}.Debug|x86.Build.0 = Debug|Any CPU
		{B2CFB0DC-9B86-4D1A-95BA-1D0873AC540A}.Release|Any CPU.ActiveCfg = Release|Any CPU
		{B2CFB0DC-9B86-4D1A-95BA-1D0873AC540A}.Release|Any CPU.Build.0 = Release|Any CPU
		{B2CFB0DC-9B86-4D1A-95BA-1D0873AC540A}.Release|x86.ActiveCfg = Release|Any CPU
		{B2CFB0DC-9B86-4D1A-95BA-1D0873AC540A}.Release|x86.Build.0 = Release|Any CPU
		{2F3116F1-4DAF-49A2-A916-BD421F8CDC96}.Debug|Any CPU.ActiveCfg = Debug|Any CPU
		{2F3116F1-4DAF-49A2-A916-BD421F8CDC96}.Debug|Any CPU.Build.0 = Debug|Any CPU
		{2F3116F1-4DAF-49A2-A916-BD421F8CDC96}.Debug|x86.ActiveCfg = Debug|Any CPU
		{2F3116F1-4DAF-49A2-A916-BD421F8CDC96}.Debug|x86.Build.0 = Debug|Any CPU
		{2F3116F1-4DAF-49A2-A916-BD421F8CDC96}.Release|Any CPU.ActiveCfg = Release|Any CPU
		{2F3116F1-4DAF-49A2-A916-BD421F8CDC96}.Release|Any CPU.Build.0 = Release|Any CPU
		{2F3116F1-4DAF-49A2-A916-BD421F8CDC96}.Release|x86.ActiveCfg = Release|Any CPU
		{2F3116F1-4DAF-49A2-A916-BD421F8CDC96}.Release|x86.Build.0 = Release|Any CPU
		{C689553D-5B46-40B3-8756-A7619E7A81EC}.Debug|Any CPU.ActiveCfg = Debug|Any CPU
		{C689553D-5B46-40B3-8756-A7619E7A81EC}.Debug|Any CPU.Build.0 = Debug|Any CPU
		{C689553D-5B46-40B3-8756-A7619E7A81EC}.Debug|x86.ActiveCfg = Debug|Any CPU
		{C689553D-5B46-40B3-8756-A7619E7A81EC}.Debug|x86.Build.0 = Debug|Any CPU
		{C689553D-5B46-40B3-8756-A7619E7A81EC}.Release|Any CPU.ActiveCfg = Release|Any CPU
		{C689553D-5B46-40B3-8756-A7619E7A81EC}.Release|Any CPU.Build.0 = Release|Any CPU
		{C689553D-5B46-40B3-8756-A7619E7A81EC}.Release|x86.ActiveCfg = Release|Any CPU
		{C689553D-5B46-40B3-8756-A7619E7A81EC}.Release|x86.Build.0 = Release|Any CPU
		{3C5233DA-0796-46EC-A235-6585128CB3C0}.Debug|Any CPU.ActiveCfg = Debug|Any CPU
		{3C5233DA-0796-46EC-A235-6585128CB3C0}.Debug|Any CPU.Build.0 = Debug|Any CPU
		{3C5233DA-0796-46EC-A235-6585128CB3C0}.Debug|x86.ActiveCfg = Debug|Any CPU
		{3C5233DA-0796-46EC-A235-6585128CB3C0}.Debug|x86.Build.0 = Debug|Any CPU
		{3C5233DA-0796-46EC-A235-6585128CB3C0}.Release|Any CPU.ActiveCfg = Release|Any CPU
		{3C5233DA-0796-46EC-A235-6585128CB3C0}.Release|Any CPU.Build.0 = Release|Any CPU
		{3C5233DA-0796-46EC-A235-6585128CB3C0}.Release|x86.ActiveCfg = Release|Any CPU
		{3C5233DA-0796-46EC-A235-6585128CB3C0}.Release|x86.Build.0 = Release|Any CPU
		{817E5F02-173F-477C-925F-BFFD48C70A29}.Debug|Any CPU.ActiveCfg = Debug|Any CPU
		{817E5F02-173F-477C-925F-BFFD48C70A29}.Debug|Any CPU.Build.0 = Debug|Any CPU
		{817E5F02-173F-477C-925F-BFFD48C70A29}.Debug|x86.ActiveCfg = Debug|Any CPU
		{817E5F02-173F-477C-925F-BFFD48C70A29}.Debug|x86.Build.0 = Debug|Any CPU
		{817E5F02-173F-477C-925F-BFFD48C70A29}.Release|Any CPU.ActiveCfg = Release|Any CPU
		{817E5F02-173F-477C-925F-BFFD48C70A29}.Release|Any CPU.Build.0 = Release|Any CPU
		{817E5F02-173F-477C-925F-BFFD48C70A29}.Release|x86.ActiveCfg = Release|Any CPU
		{817E5F02-173F-477C-925F-BFFD48C70A29}.Release|x86.Build.0 = Release|Any CPU
		{8EBF78D3-6101-4A61-95B3-56619470E6C9}.Debug|Any CPU.ActiveCfg = Debug|Any CPU
		{8EBF78D3-6101-4A61-95B3-56619470E6C9}.Debug|Any CPU.Build.0 = Debug|Any CPU
		{8EBF78D3-6101-4A61-95B3-56619470E6C9}.Debug|x86.ActiveCfg = Debug|Any CPU
		{8EBF78D3-6101-4A61-95B3-56619470E6C9}.Debug|x86.Build.0 = Debug|Any CPU
		{8EBF78D3-6101-4A61-95B3-56619470E6C9}.Release|Any CPU.ActiveCfg = Release|Any CPU
		{8EBF78D3-6101-4A61-95B3-56619470E6C9}.Release|Any CPU.Build.0 = Release|Any CPU
		{8EBF78D3-6101-4A61-95B3-56619470E6C9}.Release|x86.ActiveCfg = Release|Any CPU
		{8EBF78D3-6101-4A61-95B3-56619470E6C9}.Release|x86.Build.0 = Release|Any CPU
	EndGlobalSection
	GlobalSection(SolutionProperties) = preSolution
		HideSolutionNode = FALSE
	EndGlobalSection
	GlobalSection(NestedProjects) = preSolution
		{CCBC3A21-5D11-4C19-8A3F-3013561761F0} = {593AE702-6BEE-4313-AC03-30AD550E7789}
		{8DDC77DE-1737-4A37-B788-F626ED3CE0ED} = {593AE702-6BEE-4313-AC03-30AD550E7789}
		{AEF8C379-DF94-4A7B-897C-5190979D398A} = {3F0965FC-1419-48FF-95B8-1A1CFA52A323}
		{4686BF17-3A13-418B-99ED-4940BDA5E302} = {AEF8C379-DF94-4A7B-897C-5190979D398A}
		{B2CFB0DC-9B86-4D1A-95BA-1D0873AC540A} = {BB768358-2B77-4F9E-A2A6-22571FE3EF7D}
		{2F3116F1-4DAF-49A2-A916-BD421F8CDC96} = {BB768358-2B77-4F9E-A2A6-22571FE3EF7D}
		{C689553D-5B46-40B3-8756-A7619E7A81EC} = {AFB8FF93-63DC-4690-BB56-AA700B5351CD}
		{30C87726-9F06-41C5-8214-EED1754A3563} = {3F0965FC-1419-48FF-95B8-1A1CFA52A323}
		{3C5233DA-0796-46EC-A235-6585128CB3C0} = {30C87726-9F06-41C5-8214-EED1754A3563}
		{817E5F02-173F-477C-925F-BFFD48C70A29} = {A6110DD9-688D-4AA6-A636-C9F02F4F5BB2}
		{A690121F-86B4-47F4-9F8D-20D3C9806AFF} = {3F0965FC-1419-48FF-95B8-1A1CFA52A323}
		{8EBF78D3-6101-4A61-95B3-56619470E6C9} = {E79CC315-CBC6-475F-8751-9CB669C10053}
	EndGlobalSection
EndGlobal
